// !$*UTF8*$!
{
	archiveVersion = 1;
	classes = {
	};
	objectVersion = 46;
	objects = {

/* Begin PBXBuildFile section */
		2C3C26391CC4799700F4298A /* AppDelegate.swift in Sources */ = {isa = PBXBuildFile; fileRef = 2C3C26381CC4799700F4298A /* AppDelegate.swift */; };
		2C3C263B1CC4799700F4298A /* ViewController.swift in Sources */ = {isa = PBXBuildFile; fileRef = 2C3C263A1CC4799700F4298A /* ViewController.swift */; };
		2C3C263E1CC4799700F4298A /* Main.storyboard in Resources */ = {isa = PBXBuildFile; fileRef = 2C3C263C1CC4799700F4298A /* Main.storyboard */; };
		2C3C26401CC4799700F4298A /* Assets.xcassets in Resources */ = {isa = PBXBuildFile; fileRef = 2C3C263F1CC4799700F4298A /* Assets.xcassets */; };
		2C3C26431CC4799700F4298A /* LaunchScreen.storyboard in Resources */ = {isa = PBXBuildFile; fileRef = 2C3C26411CC4799700F4298A /* LaunchScreen.storyboard */; };
		2C3C264E1CC4799700F4298A /* UINeedViewTests.swift in Sources */ = {isa = PBXBuildFile; fileRef = 2C3C264D1CC4799700F4298A /* UINeedViewTests.swift */; };
		2C3C26591CC4799700F4298A /* UINeedViewUITests.swift in Sources */ = {isa = PBXBuildFile; fileRef = 2C3C26581CC4799700F4298A /* UINeedViewUITests.swift */; };
		2C3C26671CC47DC400F4298A /* DownSheet.swift in Sources */ = {isa = PBXBuildFile; fileRef = 2C3C26661CC47DC400F4298A /* DownSheet.swift */; };
/* End PBXBuildFile section */

/* Begin PBXContainerItemProxy section */
		2C3C264A1CC4799700F4298A /* PBXContainerItemProxy */ = {
			isa = PBXContainerItemProxy;
			containerPortal = 2C3C262D1CC4799700F4298A /* Project object */;
			proxyType = 1;
			remoteGlobalIDString = 2C3C26341CC4799700F4298A;
			remoteInfo = UINeedView;
		};
		2C3C26551CC4799700F4298A /* PBXContainerItemProxy */ = {
			isa = PBXContainerItemProxy;
			containerPortal = 2C3C262D1CC4799700F4298A /* Project object */;
			proxyType = 1;
			remoteGlobalIDString = 2C3C26341CC4799700F4298A;
			remoteInfo = UINeedView;
		};
/* End PBXContainerItemProxy section */

/* Begin PBXFileReference section */
		2C3C26351CC4799700F4298A /* UINeedView.app */ = {isa = PBXFileReference; explicitFileType = wrapper.application; includeInIndex = 0; path = UINeedView.app; sourceTree = BUILT_PRODUCTS_DIR; };
		2C3C26381CC4799700F4298A /* AppDelegate.swift */ = {isa = PBXFileReference; lastKnownFileType = sourcecode.swift; path = AppDelegate.swift; sourceTree = "<group>"; };
		2C3C263A1CC4799700F4298A /* ViewController.swift */ = {isa = PBXFileReference; lastKnownFileType = sourcecode.swift; path = ViewController.swift; sourceTree = "<group>"; };
		2C3C263D1CC4799700F4298A /* Base */ = {isa = PBXFileReference; lastKnownFileType = file.storyboard; name = Base; path = Base.lproj/Main.storyboard; sourceTree = "<group>"; };
		2C3C263F1CC4799700F4298A /* Assets.xcassets */ = {isa = PBXFileReference; lastKnownFileType = folder.assetcatalog; path = Assets.xcassets; sourceTree = "<group>"; };
		2C3C26421CC4799700F4298A /* Base */ = {isa = PBXFileReference; lastKnownFileType = file.storyboard; name = Base; path = Base.lproj/LaunchScreen.storyboard; sourceTree = "<group>"; };
		2C3C26441CC4799700F4298A /* Info.plist */ = {isa = PBXFileReference; lastKnownFileType = text.plist.xml; path = Info.plist; sourceTree = "<group>"; };
		2C3C26491CC4799700F4298A /* UINeedViewTests.xctest */ = {isa = PBXFileReference; explicitFileType = wrapper.cfbundle; includeInIndex = 0; path = UINeedViewTests.xctest; sourceTree = BUILT_PRODUCTS_DIR; };
		2C3C264D1CC4799700F4298A /* UINeedViewTests.swift */ = {isa = PBXFileReference; lastKnownFileType = sourcecode.swift; path = UINeedViewTests.swift; sourceTree = "<group>"; };
		2C3C264F1CC4799700F4298A /* Info.plist */ = {isa = PBXFileReference; lastKnownFileType = text.plist.xml; path = Info.plist; sourceTree = "<group>"; };
		2C3C26541CC4799700F4298A /* UINeedViewUITests.xctest */ = {isa = PBXFileReference; explicitFileType = wrapper.cfbundle; includeInIndex = 0; path = UINeedViewUITests.xctest; sourceTree = BUILT_PRODUCTS_DIR; };
		2C3C26581CC4799700F4298A /* UINeedViewUITests.swift */ = {isa = PBXFileReference; lastKnownFileType = sourcecode.swift; path = UINeedViewUITests.swift; sourceTree = "<group>"; };
		2C3C265A1CC4799700F4298A /* Info.plist */ = {isa = PBXFileReference; lastKnownFileType = text.plist.xml; path = Info.plist; sourceTree = "<group>"; };
		2C3C26661CC47DC400F4298A /* DownSheet.swift */ = {isa = PBXFileReference; fileEncoding = 4; lastKnownFileType = sourcecode.swift; path = DownSheet.swift; sourceTree = "<group>"; };
/* End PBXFileReference section */

/* Begin PBXFrameworksBuildPhase section */
		2C3C26321CC4799700F4298A /* Frameworks */ = {
			isa = PBXFrameworksBuildPhase;
			buildActionMask = 2147483647;
			files = (
			);
			runOnlyForDeploymentPostprocessing = 0;
		};
		2C3C26461CC4799700F4298A /* Frameworks */ = {
			isa = PBXFrameworksBuildPhase;
			buildActionMask = 2147483647;
			files = (
			);
			runOnlyForDeploymentPostprocessing = 0;
		};
		2C3C26511CC4799700F4298A /* Frameworks */ = {
			isa = PBXFrameworksBuildPhase;
			buildActionMask = 2147483647;
			files = (
			);
			runOnlyForDeploymentPostprocessing = 0;
		};
/* End PBXFrameworksBuildPhase section */

/* Begin PBXGroup section */
		2C3C262C1CC4799700F4298A = {
			isa = PBXGroup;
			children = (
				2C3C26371CC4799700F4298A /* UINeedView */,
				2C3C264C1CC4799700F4298A /* UINeedViewTests */,
				2C3C26571CC4799700F4298A /* UINeedViewUITests */,
				2C3C26361CC4799700F4298A /* Products */,
			);
			sourceTree = "<group>";
		};
		2C3C26361CC4799700F4298A /* Products */ = {
			isa = PBXGroup;
			children = (
				2C3C26351CC4799700F4298A /* UINeedView.app */,
				2C3C26491CC4799700F4298A /* UINeedViewTests.xctest */,
				2C3C26541CC4799700F4298A /* UINeedViewUITests.xctest */,
			);
			name = Products;
			sourceTree = "<group>";
		};
		2C3C26371CC4799700F4298A /* UINeedView */ = {
			isa = PBXGroup;
			children = (
				2C3C26381CC4799700F4298A /* AppDelegate.swift */,
				2C3C263A1CC4799700F4298A /* ViewController.swift */,
				2C3C26661CC47DC400F4298A /* DownSheet.swift */,
				2C3C263C1CC4799700F4298A /* Main.storyboard */,
				2C3C263F1CC4799700F4298A /* Assets.xcassets */,
				2C3C26411CC4799700F4298A /* LaunchScreen.storyboard */,
				2C3C26441CC4799700F4298A /* Info.plist */,
			);
			path = UINeedView;
			sourceTree = "<group>";
		};
		2C3C264C1CC4799700F4298A /* UINeedViewTests */ = {
			isa = PBXGroup;
			children = (
				2C3C264D1CC4799700F4298A /* UINeedViewTests.swift */,
				2C3C264F1CC4799700F4298A /* Info.plist */,
			);
			path = UINeedViewTests;
			sourceTree = "<group>";
		};
		2C3C26571CC4799700F4298A /* UINeedViewUITests */ = {
			isa = PBXGroup;
			children = (
				2C3C26581CC4799700F4298A /* UINeedViewUITests.swift */,
				2C3C265A1CC4799700F4298A /* Info.plist */,
			);
			path = UINeedViewUITests;
			sourceTree = "<group>";
		};
/* End PBXGroup section */

/* Begin PBXNativeTarget section */
		2C3C26341CC4799700F4298A /* UINeedView */ = {
			isa = PBXNativeTarget;
			buildConfigurationList = 2C3C265D1CC4799700F4298A /* Build configuration list for PBXNativeTarget "UINeedView" */;
			buildPhases = (
				2C3C26311CC4799700F4298A /* Sources */,
				2C3C26321CC4799700F4298A /* Frameworks */,
				2C3C26331CC4799700F4298A /* Resources */,
			);
			buildRules = (
			);
			dependencies = (
			);
			name = UINeedView;
			productName = UINeedView;
			productReference = 2C3C26351CC4799700F4298A /* UINeedView.app */;
			productType = "com.apple.product-type.application";
		};
		2C3C26481CC4799700F4298A /* UINeedViewTests */ = {
			isa = PBXNativeTarget;
			buildConfigurationList = 2C3C26601CC4799700F4298A /* Build configuration list for PBXNativeTarget "UINeedViewTests" */;
			buildPhases = (
				2C3C26451CC4799700F4298A /* Sources */,
				2C3C26461CC4799700F4298A /* Frameworks */,
				2C3C26471CC4799700F4298A /* Resources */,
			);
			buildRules = (
			);
			dependencies = (
				2C3C264B1CC4799700F4298A /* PBXTargetDependency */,
			);
			name = UINeedViewTests;
			productName = UINeedViewTests;
			productReference = 2C3C26491CC4799700F4298A /* UINeedViewTests.xctest */;
			productType = "com.apple.product-type.bundle.unit-test";
		};
		2C3C26531CC4799700F4298A /* UINeedViewUITests */ = {
			isa = PBXNativeTarget;
			buildConfigurationList = 2C3C26631CC4799700F4298A /* Build configuration list for PBXNativeTarget "UINeedViewUITests" */;
			buildPhases = (
				2C3C26501CC4799700F4298A /* Sources */,
				2C3C26511CC4799700F4298A /* Frameworks */,
				2C3C26521CC4799700F4298A /* Resources */,
			);
			buildRules = (
			);
			dependencies = (
				2C3C26561CC4799700F4298A /* PBXTargetDependency */,
			);
			name = UINeedViewUITests;
			productName = UINeedViewUITests;
			productReference = 2C3C26541CC4799700F4298A /* UINeedViewUITests.xctest */;
			productType = "com.apple.product-type.bundle.ui-testing";
		};
/* End PBXNativeTarget section */

/* Begin PBXProject section */
		2C3C262D1CC4799700F4298A /* Project object */ = {
			isa = PBXProject;
			attributes = {
				LastSwiftUpdateCheck = 0730;
				LastUpgradeCheck = 0730;
				ORGANIZATIONNAME = "刘高晖";
				TargetAttributes = {
					2C3C26341CC4799700F4298A = {
						CreatedOnToolsVersion = 7.3;
					};
					2C3C26481CC4799700F4298A = {
						CreatedOnToolsVersion = 7.3;
						TestTargetID = 2C3C26341CC4799700F4298A;
					};
					2C3C26531CC4799700F4298A = {
						CreatedOnToolsVersion = 7.3;
						TestTargetID = 2C3C26341CC4799700F4298A;
					};
				};
			};
			buildConfigurationList = 2C3C26301CC4799700F4298A /* Build configuration list for PBXProject "UINeedView" */;
			compatibilityVersion = "Xcode 3.2";
			developmentRegion = English;
			hasScannedForEncodings = 0;
			knownRegions = (
				en,
				Base,
			);
			mainGroup = 2C3C262C1CC4799700F4298A;
			productRefGroup = 2C3C26361CC4799700F4298A /* Products */;
			projectDirPath = "";
			projectRoot = "";
			targets = (
				2C3C26341CC4799700F4298A /* UINeedView */,
				2C3C26481CC4799700F4298A /* UINeedViewTests */,
				2C3C26531CC4799700F4298A /* UINeedViewUITests */,
			);
		};
/* End PBXProject section */

/* Begin PBXResourcesBuildPhase section */
		2C3C26331CC4799700F4298A /* Resources */ = {
			isa = PBXResourcesBuildPhase;
			buildActionMask = 2147483647;
			files = (
				2C3C26431CC4799700F4298A /* LaunchScreen.storyboard in Resources */,
				2C3C26401CC4799700F4298A /* Assets.xcassets in Resources */,
				2C3C263E1CC4799700F4298A /* Main.storyboard in Resources */,
			);
			runOnlyForDeploymentPostprocessing = 0;
		};
		2C3C26471CC4799700F4298A /* Resources */ = {
			isa = PBXResourcesBuildPhase;
			buildActionMask = 2147483647;
			files = (
			);
			runOnlyForDeploymentPostprocessing = 0;
		};
		2C3C26521CC4799700F4298A /* Resources */ = {
			isa = PBXResourcesBuildPhase;
			buildActionMask = 2147483647;
			files = (
			);
			runOnlyForDeploymentPostprocessing = 0;
		};
/* End PBXResourcesBuildPhase section */

/* Begin PBXSourcesBuildPhase section */
		2C3C26311CC4799700F4298A /* Sources */ = {
			isa = PBXSourcesBuildPhase;
			buildActionMask = 2147483647;
			files = (
				2C3C26671CC47DC400F4298A /* DownSheet.swift in Sources */,
				2C3C263B1CC4799700F4298A /* ViewController.swift in Sources */,
				2C3C26391CC4799700F4298A /* AppDelegate.swift in Sources */,
			);
			runOnlyForDeploymentPostprocessing = 0;
		};
		2C3C26451CC4799700F4298A /* Sources */ = {
			isa = PBXSourcesBuildPhase;
			buildActionMask = 2147483647;
			files = (
				2C3C264E1CC4799700F4298A /* UINeedViewTests.swift in Sources */,
			);
			runOnlyForDeploymentPostprocessing = 0;
		};
		2C3C26501CC4799700F4298A /* Sources */ = {
			isa = PBXSourcesBuildPhase;
			buildActionMask = 2147483647;
			files = (
				2C3C26591CC4799700F4298A /* UINeedViewUITests.swift in Sources */,
			);
			runOnlyForDeploymentPostprocessing = 0;
		};
/* End PBXSourcesBuildPhase section */

/* Begin PBXTargetDependency section */
		2C3C264B1CC4799700F4298A /* PBXTargetDependency */ = {
			isa = PBXTargetDependency;
			target = 2C3C26341CC4799700F4298A /* UINeedView */;
			targetProxy = 2C3C264A1CC4799700F4298A /* PBXContainerItemProxy */;
		};
		2C3C26561CC4799700F4298A /* PBXTargetDependency */ = {
			isa = PBXTargetDependency;
			target = 2C3C26341CC4799700F4298A /* UINeedView */;
			targetProxy = 2C3C26551CC4799700F4298A /* PBXContainerItemProxy */;
		};
/* End PBXTargetDependency section */

/* Begin PBXVariantGroup section */
		2C3C263C1CC4799700F4298A /* Main.storyboard */ = {
			isa = PBXVariantGroup;
			children = (
				2C3C263D1CC4799700F4298A /* Base */,
			);
			name = Main.storyboard;
			sourceTree = "<group>";
		};
		2C3C26411CC4799700F4298A /* LaunchScreen.storyboard */ = {
			isa = PBXVariantGroup;
			children = (
				2C3C26421CC4799700F4298A /* Base */,
			);
			name = LaunchScreen.storyboard;
			sourceTree = "<group>";
		};
/* End PBXVariantGroup section */

/* Begin XCBuildConfiguration section */
		2C3C265B1CC4799700F4298A /* Debug */ = {
			isa = XCBuildConfiguration;
			buildSettings = {
				ALWAYS_SEARCH_USER_PATHS = NO;
				CLANG_ANALYZER_NONNULL = YES;
				CLANG_CXX_LANGUAGE_STANDARD = "gnu++0x";
				CLANG_CXX_LIBRARY = "libc++";
				CLANG_ENABLE_MODULES = YES;
				CLANG_ENABLE_OBJC_ARC = YES;
				CLANG_WARN_BOOL_CONVERSION = YES;
				CLANG_WARN_CONSTANT_CONVERSION = YES;
				CLANG_WARN_DIRECT_OBJC_ISA_USAGE = YES_ERROR;
				CLANG_WARN_EMPTY_BODY = YES;
				CLANG_WARN_ENUM_CONVERSION = YES;
				CLANG_WARN_INT_CONVERSION = YES;
				CLANG_WARN_OBJC_ROOT_CLASS = YES_ERROR;
				CLANG_WARN_UNREACHABLE_CODE = YES;
				CLANG_WARN__DUPLICATE_METHOD_MATCH = YES;
				"CODE_SIGN_IDENTITY[sdk=iphoneos*]" = "iPhone Developer";
				COPY_PHASE_STRIP = NO;
				DEBUG_INFORMATION_FORMAT = dwarf;
				ENABLE_STRICT_OBJC_MSGSEND = YES;
				ENABLE_TESTABILITY = YES;
				GCC_C_LANGUAGE_STANDARD = gnu99;
				GCC_DYNAMIC_NO_PIC = NO;
				GCC_NO_COMMON_BLOCKS = YES;
				GCC_OPTIMIZATION_LEVEL = 0;
				GCC_PREPROCESSOR_DEFINITIONS = (
					"DEBUG=1",
					"$(inherited)",
				);
				GCC_WARN_64_TO_32_BIT_CONVERSION = YES;
				GCC_WARN_ABOUT_RETURN_TYPE = YES_ERROR;
				GCC_WARN_UNDECLARED_SELECTOR = YES;
				GCC_WARN_UNINITIALIZED_AUTOS = YES_AGGRESSIVE;
				GCC_WARN_UNUSED_FUNCTION = YES;
				GCC_WARN_UNUSED_VARIABLE = YES;
				IPHONEOS_DEPLOYMENT_TARGET = 9.3;
				MTL_ENABLE_DEBUG_INFO = YES;
				ONLY_ACTIVE_ARCH = YES;
				SDKROOT = iphoneos;
				SWIFT_OPTIMIZATION_LEVEL = "-Onone";
				TARGETED_DEVICE_FAMILY = "1,2";
			};
			name = Debug;
		};
		2C3C265C1CC4799700F4298A /* Release */ = {
			isa = XCBuildConfiguration;
			buildSettings = {
				ALWAYS_SEARCH_USER_PATHS = NO;
				CLANG_ANALYZER_NONNULL = YES;
				CLANG_CXX_LANGUAGE_STANDARD = "gnu++0x";
				CLANG_CXX_LIBRARY = "libc++";
				CLANG_ENABLE_MODULES = YES;
				CLANG_ENABLE_OBJC_ARC = YES;
				CLANG_WARN_BOOL_CONVERSION = YES;
				CLANG_WARN_CONSTANT_CONVERSION = YES;
				CLANG_WARN_DIRECT_OBJC_ISA_USAGE = YES_ERROR;
				CLANG_WARN_EMPTY_BODY = YES;
				CLANG_WARN_ENUM_CONVERSION = YES;
				CLANG_WARN_INT_CONVERSION = YES;
				CLANG_WARN_OBJC_ROOT_CLASS = YES_ERROR;
				CLANG_WARN_UNREACHABLE_CODE = YES;
				CLANG_WARN__DUPLICATE_METHOD_MATCH = YES;
				"CODE_SIGN_IDENTITY[sdk=iphoneos*]" = "iPhone Developer";
				COPY_PHASE_STRIP = NO;
				DEBUG_INFORMATION_FORMAT = "dwarf-with-dsym";
				ENABLE_NS_ASSERTIONS = NO;
				ENABLE_STRICT_OBJC_MSGSEND = YES;
				GCC_C_LANGUAGE_STANDARD = gnu99;
				GCC_NO_COMMON_BLOCKS = YES;
				GCC_WARN_64_TO_32_BIT_CONVERSION = YES;
				GCC_WARN_ABOUT_RETURN_TYPE = YES_ERROR;
				GCC_WARN_UNDECLARED_SELECTOR = YES;
				GCC_WARN_UNINITIALIZED_AUTOS = YES_AGGRESSIVE;
				GCC_WARN_UNUSED_FUNCTION = YES;
				GCC_WARN_UNUSED_VARIABLE = YES;
				IPHONEOS_DEPLOYMENT_TARGET = 9.3;
				MTL_ENABLE_DEBUG_INFO = NO;
				SDKROOT = iphoneos;
				TARGETED_DEVICE_FAMILY = "1,2";
				VALIDATE_PRODUCT = YES;
			};
			name = Release;
		};
		2C3C265E1CC4799700F4298A /* Debug */ = {
			isa = XCBuildConfiguration;
			buildSettings = {
				ASSETCATALOG_COMPILER_APPICON_NAME = AppIcon;
				INFOPLIST_FILE = UINeedView/Info.plist;
				LD_RUNPATH_SEARCH_PATHS = "$(inherited) @executable_path/Frameworks";
				PRODUCT_BUNDLE_IDENTIFIER = com.killer.UINeedView;
				PRODUCT_NAME = "$(TARGET_NAME)";
			};
			name = Debug;
		};
		2C3C265F1CC4799700F4298A /* Release */ = {
			isa = XCBuildConfiguration;
			buildSettings = {
				ASSETCATALOG_COMPILER_APPICON_NAME = AppIcon;
				INFOPLIST_FILE = UINeedView/Info.plist;
				LD_RUNPATH_SEARCH_PATHS = "$(inherited) @executable_path/Frameworks";
				PRODUCT_BUNDLE_IDENTIFIER = com.killer.UINeedView;
				PRODUCT_NAME = "$(TARGET_NAME)";
			};
			name = Release;
		};
		2C3C26611CC4799700F4298A /* Debug */ = {
			isa = XCBuildConfiguration;
			buildSettings = {
				BUNDLE_LOADER = "$(TEST_HOST)";
				INFOPLIST_FILE = UINeedViewTests/Info.plist;
				LD_RUNPATH_SEARCH_PATHS = "$(inherited) @executable_path/Frameworks @loader_path/Frameworks";
				PRODUCT_BUNDLE_IDENTIFIER = com.killer.UINeedViewTests;
				PRODUCT_NAME = "$(TARGET_NAME)";
				TEST_HOST = "$(BUILT_PRODUCTS_DIR)/UINeedView.app/UINeedView";
			};
			name = Debug;
		};
		2C3C26621CC4799700F4298A /* Release */ = {
			isa = XCBuildConfiguration;
			buildSettings = {
				BUNDLE_LOADER = "$(TEST_HOST)";
				INFOPLIST_FILE = UINeedViewTests/Info.plist;
				LD_RUNPATH_SEARCH_PATHS = "$(inherited) @executable_path/Frameworks @loader_path/Frameworks";
				PRODUCT_BUNDLE_IDENTIFIER = com.killer.UINeedViewTests;
				PRODUCT_NAME = "$(TARGET_NAME)";
				TEST_HOST = "$(BUILT_PRODUCTS_DIR)/UINeedView.app/UINeedView";
			};
			name = Release;
		};
		2C3C26641CC4799700F4298A /* Debug */ = {
			isa = XCBuildConfiguration;
			buildSettings = {
				INFOPLIST_FILE = UINeedViewUITests/Info.plist;
				LD_RUNPATH_SEARCH_PATHS = "$(inherited) @executable_path/Frameworks @loader_path/Frameworks";
				PRODUCT_BUNDLE_IDENTIFIER = com.killer.UINeedViewUITests;
				PRODUCT_NAME = "$(TARGET_NAME)";
				TEST_TARGET_NAME = UINeedView;
			};
			name = Debug;
		};
		2C3C26651CC4799700F4298A /* Release */ = {
			isa = XCBuildConfiguration;
			buildSettings = {
				INFOPLIST_FILE = UINeedViewUITests/Info.plist;
				LD_RUNPATH_SEARCH_PATHS = "$(inherited) @executable_path/Frameworks @loader_path/Frameworks";
				PRODUCT_BUNDLE_IDENTIFIER = com.killer.UINeedViewUITests;
				PRODUCT_NAME = "$(TARGET_NAME)";
				TEST_TARGET_NAME = UINeedView;
			};
			name = Release;
		};
/* End XCBuildConfiguration section */

/* Begin XCConfigurationList section */
		2C3C26301CC4799700F4298A /* Build configuration list for PBXProject "UINeedView" */ = {
			isa = XCConfigurationList;
			buildConfigurations = (
				2C3C265B1CC4799700F4298A /* Debug */,
				2C3C265C1CC4799700F4298A /* Release */,
			);
			defaultConfigurationIsVisible = 0;
			defaultConfigurationName = Release;
		};
		2C3C265D1CC4799700F4298A /* Build configuration list for PBXNativeTarget "UINeedView" */ = {
			isa = XCConfigurationList;
			buildConfigurations = (
				2C3C265E1CC4799700F4298A /* Debug */,
				2C3C265F1CC4799700F4298A /* Release */,
			);
			defaultConfigurationIsVisible = 0;
		};
		2C3C26601CC4799700F4298A /* Build configuration list for PBXNativeTarget "UINeedViewTests" */ = {
			isa = XCConfigurationList;
			buildConfigurations = (
				2C3C26611CC4799700F4298A /* Debug */,
				2C3C26621CC4799700F4298A /* Release */,
			);
			defaultConfigurationIsVisible = 0;
		};
		2C3C26631CC4799700F4298A /* Build configuration list for PBXNativeTarget "UINeedViewUITests" */ = {
			isa = XCConfigurationList;
			buildConfigurations = (
				2C3C26641CC4799700F4298A /* Debug */,
				2C3C26651CC4799700F4298A /* Release */,
			);
			defaultConfigurationIsVisible = 0;
		};
/* End XCConfigurationList section */
	};
	rootObject = 2C3C262D1CC4799700F4298A /* Project object */;
}
